PODS:
  - ReactiveCocoa (2.5):
    - ReactiveCocoa/UI (= 2.5)
  - ReactiveCocoa/Core (2.5):
    - ReactiveCocoa/no-arc
  - ReactiveCocoa/no-arc (2.5)
  - ReactiveCocoa/UI (2.5):
    - ReactiveCocoa/Core
  - SDWebImage (3.7.6):
    - SDWebImage/Core (= 3.7.6)
  - SDWebImage/Core (3.7.6)

DEPENDENCIES:
  - ReactiveCocoa (~> 2.5)
  - SDWebImage (~> 3.7.6)

SPEC CHECKSUMS:
  ReactiveCocoa: e2db045570aa97c695e7aa97c2bcab222ae51f4a
  SDWebImage: c325cf02c30337336b95beff20a13df489ec0ec9

PODFILE CHECKSUM: f8b750db3f07fe3e1c611b095d5bd58fb9169c44

COCOAPODS: 1.2.0.beta.1
